
Microsoft Visual Studio Solution File, Format Version 12.00
# Visual Studio Version 17
VisualStudioVersion = 17.6.33723.286
MinimumVisualStudioVersion = 10.0.40219.1
Project("{FAE04EC0-301F-11D3-BF4B-00C04F79EFBC}") = "IntroductiontoBasicCSharp", "IntroductiontoBasicCSharp\IntroductiontoBasicCSharp.csproj", "{2F82DBE0-F6F6-445F-9BD6-6460E48BE61B}"
EndProject
Global
	GlobalSection(SolutionConfigurationPlatforms) = preSolution
		Debug|Any CPU = Debug|Any CPU
		Release|Any CPU = Release|Any CPU
	EndGlobalSection
	GlobalSection(ProjectConfigurationPlatforms) = postSolution
		{2F82DBE0-F6F6-445F-9BD6-6460E48BE61B}.Debug|Any CPU.ActiveCfg = Debug|Any CPU
		{2F82DBE0-F6F6-445F-9BD6-6460E48BE61B}.Debug|Any CPU.Build.0 = Debug|Any CPU
		{2F82DBE0-F6F6-445F-9BD6-6460E48BE61B}.Release|Any CPU.ActiveCfg = Release|Any CPU
		{2F82DBE0-F6F6-445F-9BD6-6460E48BE61B}.Release|Any CPU.Build.0 = Release|Any CPU
	EndGlobalSection
	GlobalSection(SolutionProperties) = preSolution
		HideSolutionNode = FALSE
	EndGlobalSection
	GlobalSection(ExtensibilityGlobals) = postSolution
		SolutionGuid = {EA80E527-8763-4593-9D3E-45858D0264FE}
	EndGlobalSection
EndGlobal
