
Microsoft Visual Studio Solution File, Format Version 12.00
# Visual Studio Version 17
VisualStudioVersion = 17.6.33723.286
MinimumVisualStudioVersion = 10.0.40219.1
Project("{FAE04EC0-301F-11D3-BF4B-00C04F79EFBC}") = "DateReader", "DateReader\DateReader.csproj", "{1FDA75E7-9378-4CC9-AB79-2DD1B64B17FC}"
EndProject
Global
	GlobalSection(SolutionConfigurationPlatforms) = preSolution
		Debug|Any CPU = Debug|Any CPU
		Release|Any CPU = Release|Any CPU
	EndGlobalSection
	GlobalSection(ProjectConfigurationPlatforms) = postSolution
		{1FDA75E7-9378-4CC9-AB79-2DD1B64B17FC}.Debug|Any CPU.ActiveCfg = Debug|Any CPU
		{1FDA75E7-9378-4CC9-AB79-2DD1B64B17FC}.Debug|Any CPU.Build.0 = Debug|Any CPU
		{1FDA75E7-9378-4CC9-AB79-2DD1B64B17FC}.Release|Any CPU.ActiveCfg = Release|Any CPU
		{1FDA75E7-9378-4CC9-AB79-2DD1B64B17FC}.Release|Any CPU.Build.0 = Release|Any CPU
	EndGlobalSection
	GlobalSection(SolutionProperties) = preSolution
		HideSolutionNode = FALSE
	EndGlobalSection
	GlobalSection(ExtensibilityGlobals) = postSolution
		SolutionGuid = {69671FDD-586B-46AF-B06C-B2D4074AF7F7}
	EndGlobalSection
EndGlobal
